
Microsoft Visual Studio Solution File, Format Version 12.00
# Visual Studio Version 17
VisualStudioVersion = 17.2.32616.157
MinimumVisualStudioVersion = 10.0.40219.1
Project("{2150E333-8FDC-42A3-9474-1A3956D46DE8}") = "Adapters", "Adapters", "{AC1BD2FA-FD6A-4672-A76B-7F75A5A4BF2E}"
EndProject
Project("{2150E333-8FDC-42A3-9474-1A3956D46DE8}") = "Driving", "Driving", "{97A60445-08E8-40BE-9594-F464450F8D12}"
EndProject
Project("{2150E333-8FDC-42A3-9474-1A3956D46DE8}") = "Driven", "Driven", "{7886AC23-3EEB-4AD7-9750-70A58F5A0B3E}"
EndProject
Project("{9A19103F-16F7-4668-BE54-9A1E7A4F7556}") = "App.Logic", "App.Logic\App.Logic.csproj", "{44058A56-C82B-44E6-BAFF-20D639833C5F}"
EndProject
Project("{9A19103F-16F7-4668-BE54-9A1E7A4F7556}") = "Database.Adapters", "Adapters\Driven\Database.Adapters\Database.Adapters.csproj", "{E0534757-339A-432F-853F-1C8F649A92F6}"
EndProject
Project("{9A19103F-16F7-4668-BE54-9A1E7A4F7556}") = "Web.API.Adapters", "Adapters\Driving\Web.API.Adapters\Web.API.Adapters.csproj", "{3E1914DF-6EB5-4887-98C9-6207A9553C97}"
EndProject
Global
	GlobalSection(SolutionConfigurationPlatforms) = preSolution
		Debug|Any CPU = Debug|Any CPU
		Release|Any CPU = Release|Any CPU
	EndGlobalSection
	GlobalSection(ProjectConfigurationPlatforms) = postSolution
		{44058A56-C82B-44E6-BAFF-20D639833C5F}.Debug|Any CPU.ActiveCfg = Debug|Any CPU
		{44058A56-C82B-44E6-BAFF-20D639833C5F}.Debug|Any CPU.Build.0 = Debug|Any CPU
		{44058A56-C82B-44E6-BAFF-20D639833C5F}.Release|Any CPU.ActiveCfg = Release|Any CPU
		{44058A56-C82B-44E6-BAFF-20D639833C5F}.Release|Any CPU.Build.0 = Release|Any CPU
		{E0534757-339A-432F-853F-1C8F649A92F6}.Debug|Any CPU.ActiveCfg = Debug|Any CPU
		{E0534757-339A-432F-853F-1C8F649A92F6}.Debug|Any CPU.Build.0 = Debug|Any CPU
		{E0534757-339A-432F-853F-1C8F649A92F6}.Release|Any CPU.ActiveCfg = Release|Any CPU
		{E0534757-339A-432F-853F-1C8F649A92F6}.Release|Any CPU.Build.0 = Release|Any CPU
		{3E1914DF-6EB5-4887-98C9-6207A9553C97}.Debug|Any CPU.ActiveCfg = Debug|Any CPU
		{3E1914DF-6EB5-4887-98C9-6207A9553C97}.Debug|Any CPU.Build.0 = Debug|Any CPU
		{3E1914DF-6EB5-4887-98C9-6207A9553C97}.Release|Any CPU.ActiveCfg = Release|Any CPU
		{3E1914DF-6EB5-4887-98C9-6207A9553C97}.Release|Any CPU.Build.0 = Release|Any CPU
	EndGlobalSection
	GlobalSection(SolutionProperties) = preSolution
		HideSolutionNode = FALSE
	EndGlobalSection
	GlobalSection(NestedProjects) = preSolution
		{97A60445-08E8-40BE-9594-F464450F8D12} = {AC1BD2FA-FD6A-4672-A76B-7F75A5A4BF2E}
		{7886AC23-3EEB-4AD7-9750-70A58F5A0B3E} = {AC1BD2FA-FD6A-4672-A76B-7F75A5A4BF2E}
		{E0534757-339A-432F-853F-1C8F649A92F6} = {7886AC23-3EEB-4AD7-9750-70A58F5A0B3E}
		{3E1914DF-6EB5-4887-98C9-6207A9553C97} = {97A60445-08E8-40BE-9594-F464450F8D12}
	EndGlobalSection
	GlobalSection(ExtensibilityGlobals) = postSolution
		SolutionGuid = {C0CCAB4C-A34F-4FE1-98BC-D2D4955722D2}
	EndGlobalSection
EndGlobal
